
Microsoft Visual Studio Solution File, Format Version 12.00
# Visual Studio Version 17
VisualStudioVersion = 17.9.34701.34
MinimumVisualStudioVersion = 10.0.40219.1
Project("{9A19103F-16F7-4668-BE54-9A1E7A4F7556}") = "Crudder", "Crudder\Crudder.csproj", "{47C13E9E-67DE-42C3-9C85-EAFEBBA1FD82}"
EndProject
Project("{9A19103F-16F7-4668-BE54-9A1E7A4F7556}") = "CoreProject", "CoreProject\CoreProject.csproj", "{E80007FB-282B-42F9-8C36-A71ED0FD23F9}"
EndProject
Global
	GlobalSection(SolutionConfigurationPlatforms) = preSolution
		Debug|Any CPU = Debug|Any CPU
		Release|Any CPU = Release|Any CPU
	EndGlobalSection
	GlobalSection(ProjectConfigurationPlatforms) = postSolution
		{47C13E9E-67DE-42C3-9C85-EAFEBBA1FD82}.Debug|Any CPU.ActiveCfg = Debug|Any CPU
		{47C13E9E-67DE-42C3-9C85-EAFEBBA1FD82}.Debug|Any CPU.Build.0 = Debug|Any CPU
		{47C13E9E-67DE-42C3-9C85-EAFEBBA1FD82}.Release|Any CPU.ActiveCfg = Release|Any CPU
		{47C13E9E-67DE-42C3-9C85-EAFEBBA1FD82}.Release|Any CPU.Build.0 = Release|Any CPU
		{E80007FB-282B-42F9-8C36-A71ED0FD23F9}.Debug|Any CPU.ActiveCfg = Debug|Any CPU
		{E80007FB-282B-42F9-8C36-A71ED0FD23F9}.Debug|Any CPU.Build.0 = Debug|Any CPU
		{E80007FB-282B-42F9-8C36-A71ED0FD23F9}.Release|Any CPU.ActiveCfg = Release|Any CPU
		{E80007FB-282B-42F9-8C36-A71ED0FD23F9}.Release|Any CPU.Build.0 = Release|Any CPU
	EndGlobalSection
	GlobalSection(SolutionProperties) = preSolution
		HideSolutionNode = FALSE
	EndGlobalSection
	GlobalSection(ExtensibilityGlobals) = postSolution
		SolutionGuid = {1932AF5E-2A43-4961-B416-1F098415E8B4}
	EndGlobalSection
EndGlobal
